// !$*UTF8*$!
{
	archiveVersion = 1;
	classes = {
	};
	objectVersion = 46;
	objects = {

/* Begin PBXBuildFile section */
		AC521EE31A1572E8007AD8A1 /* MenuInstructionsView.m in Sources */ = {isa = PBXBuildFile; fileRef = AC521EE21A1572E8007AD8A1 /* MenuInstructionsView.m */; };
		ACA77C001A1ACB36002D7CF7 /* NumberWithTwoDecimals.m in Sources */ = {isa = PBXBuildFile; fileRef = ACA77BFF1A1ACB36002D7CF7 /* NumberWithTwoDecimals.m */; };
		ACBEBFA719F619A300B173C7 /* DataStore.m in Sources */ = {isa = PBXBuildFile; fileRef = ACBEBFA619F619A300B173C7 /* DataStore.m */; };
		ACBEBFB519F61FAD00B173C7 /* PreDayViewController.m in Sources */ = {isa = PBXBuildFile; fileRef = ACBEBFB419F61FAD00B173C7 /* PreDayViewController.m */; };
		AF268E3A1A2C4BAD00ED6A53 /* PreDayBadgesView.m in Sources */ = {isa = PBXBuildFile; fileRef = AF268E391A2C4BAD00ED6A53 /* PreDayBadgesView.m */; };
		AFCB509819F7457900DFADE9 /* MidDayView.m in Sources */ = {isa = PBXBuildFile; fileRef = AFCB509719F7457900DFADE9 /* MidDayView.m */; };
		AFE2AC6019F833D2005EC4D0 /* PostDayView.m in Sources */ = {isa = PBXBuildFile; fileRef = AFE2AC5F19F833D2005EC4D0 /* PostDayView.m */; };
		DA064B131A19AA3F007438CF /* MenuMainView.m in Sources */ = {isa = PBXBuildFile; fileRef = DA064B121A19AA3F007438CF /* MenuMainView.m */; };
		DA064B161A19B0A6007438CF /* PreDayInfoView.m in Sources */ = {isa = PBXBuildFile; fileRef = DA064B151A19B0A6007438CF /* PreDayInfoView.m */; };
		DA0FB60519F641B00036D500 /* PreDayInventoryView.m in Sources */ = {isa = PBXBuildFile; fileRef = DA0FB60419F641B00036D500 /* PreDayInventoryView.m */; };
		DA0FB60819F645EF0036D500 /* MidDayViewController.m in Sources */ = {isa = PBXBuildFile; fileRef = DA0FB60719F645EF0036D500 /* MidDayViewController.m */; };
		DA0FB60B19F646030036D500 /* PostDayViewController.m in Sources */ = {isa = PBXBuildFile; fileRef = DA0FB60A19F646030036D500 /* PostDayViewController.m */; };
		DA2726AB19F8F26300287791 /* Customer.m in Sources */ = {isa = PBXBuildFile; fileRef = DA2726A719F8F26300287791 /* Customer.m */; };
		DA2726AC19F8F26300287791 /* Model.m in Sources */ = {isa = PBXBuildFile; fileRef = DA2726A919F8F26300287791 /* Model.m */; };
		DA2B59211A321C1200EEDC70 /* tada.wav in Resources */ = {isa = PBXBuildFile; fileRef = DA2B591F1A321C1200EEDC70 /* tada.wav */; };
		DA2B59221A321C1200EEDC70 /* click.wav in Resources */ = {isa = PBXBuildFile; fileRef = DA2B59201A321C1200EEDC70 /* click.wav */; };
		DA2B59231A321CDD00EEDC70 /* Main.storyboard in Resources */ = {isa = PBXBuildFile; fileRef = DA6C2BC919F19B8D00AE1EB7 /* Main.storyboard */; };
		DA6C2BB819F19B8D00AE1EB7 /* Foundation.framework in Frameworks */ = {isa = PBXBuildFile; fileRef = DA6C2BB719F19B8D00AE1EB7 /* Foundation.framework */; };
		DA6C2BBA19F19B8D00AE1EB7 /* CoreGraphics.framework in Frameworks */ = {isa = PBXBuildFile; fileRef = DA6C2BB919F19B8D00AE1EB7 /* CoreGraphics.framework */; };
		DA6C2BBC19F19B8D00AE1EB7 /* UIKit.framework in Frameworks */ = {isa = PBXBuildFile; fileRef = DA6C2BBB19F19B8D00AE1EB7 /* UIKit.framework */; };
		DA6C2BC219F19B8D00AE1EB7 /* InfoPlist.strings in Resources */ = {isa = PBXBuildFile; fileRef = DA6C2BC019F19B8D00AE1EB7 /* InfoPlist.strings */; };
		DA6C2BC419F19B8D00AE1EB7 /* main.m in Sources */ = {isa = PBXBuildFile; fileRef = DA6C2BC319F19B8D00AE1EB7 /* main.m */; };
		DA6C2BC819F19B8D00AE1EB7 /* AppDelegate.m in Sources */ = {isa = PBXBuildFile; fileRef = DA6C2BC719F19B8D00AE1EB7 /* AppDelegate.m */; };
		DA6C2BCE19F19B8D00AE1EB7 /* MenuViewController.m in Sources */ = {isa = PBXBuildFile; fileRef = DA6C2BCD19F19B8D00AE1EB7 /* MenuViewController.m */; };
		DA6C2BD019F19B8D00AE1EB7 /* Images.xcassets in Resources */ = {isa = PBXBuildFile; fileRef = DA6C2BCF19F19B8D00AE1EB7 /* Images.xcassets */; };
		DA6C2BD719F19B8D00AE1EB7 /* XCTest.framework in Frameworks */ = {isa = PBXBuildFile; fileRef = DA6C2BD619F19B8D00AE1EB7 /* XCTest.framework */; };
		DA6C2BD819F19B8D00AE1EB7 /* Foundation.framework in Frameworks */ = {isa = PBXBuildFile; fileRef = DA6C2BB719F19B8D00AE1EB7 /* Foundation.framework */; };
		DA6C2BD919F19B8D00AE1EB7 /* UIKit.framework in Frameworks */ = {isa = PBXBuildFile; fileRef = DA6C2BBB19F19B8D00AE1EB7 /* UIKit.framework */; };
		DA6C2BE119F19B8D00AE1EB7 /* InfoPlist.strings in Resources */ = {isa = PBXBuildFile; fileRef = DA6C2BDF19F19B8D00AE1EB7 /* InfoPlist.strings */; };
		DA6C2BE319F19B8D00AE1EB7 /* When_Life_Gives_You_LemonsTests.m in Sources */ = {isa = PBXBuildFile; fileRef = DA6C2BE219F19B8D00AE1EB7 /* When_Life_Gives_You_LemonsTests.m */; };
		DA940C8C1A3083E50049A5A8 /* Badges.m in Sources */ = {isa = PBXBuildFile; fileRef = DA940C8B1A3083E50049A5A8 /* Badges.m */; };
		DA940C8F1A311DB90049A5A8 /* (null) in Resources */ = {isa = PBXBuildFile; };
		DA940C911A311E8D0049A5A8 /* (null) in Resources */ = {isa = PBXBuildFile; };
		DAB2821419F7946000441EAA /* PreDayRecipeView.m in Sources */ = {isa = PBXBuildFile; fileRef = DAB2821319F7946000441EAA /* PreDayRecipeView.m */; };
		FE1471F51A1ACA0900BC7DFF /* LemonEmitter.sks in Resources */ = {isa = PBXBuildFile; fileRef = FE1471F41A1ACA0900BC7DFF /* LemonEmitter.sks */; };
		FE1471F81A1AD37E00BC7DFF /* LemonRainScene.m in Sources */ = {isa = PBXBuildFile; fileRef = FE1471F71A1AD37E00BC7DFF /* LemonRainScene.m */; };
		FEBAF03B1A0B122500951C36 /* SunnyScene.m in Sources */ = {isa = PBXBuildFile; fileRef = FEBAF03A1A0B122500951C36 /* SunnyScene.m */; };
		FEBAF03E1A0B2E1800951C36 /* CloudyScene.m in Sources */ = {isa = PBXBuildFile; fileRef = FEBAF03D1A0B2E1800951C36 /* CloudyScene.m */; };
		FEBAF0411A0B2FB300951C36 /* RainEmitter.sks in Resources */ = {isa = PBXBuildFile; fileRef = FEBAF03F1A0B2FB300951C36 /* RainEmitter.sks */; };
		FEBAF0421A0B2FB300951C36 /* spark.png in Resources */ = {isa = PBXBuildFile; fileRef = FEBAF0401A0B2FB300951C36 /* spark.png */; };
		FEBAF0451A0B3F9600951C36 /* RainyScene.m in Sources */ = {isa = PBXBuildFile; fileRef = FEBAF0441A0B3F9500951C36 /* RainyScene.m */; };
/* End PBXBuildFile section */

/* Begin PBXContainerItemProxy section */
		DA6C2BDA19F19B8D00AE1EB7 /* PBXContainerItemProxy */ = {
			isa = PBXContainerItemProxy;
			containerPortal = DA6C2BAC19F19B8C00AE1EB7 /* Project object */;
			proxyType = 1;
			remoteGlobalIDString = DA6C2BB319F19B8D00AE1EB7;
			remoteInfo = "When Life Gives You Lemons";
		};
/* End PBXContainerItemProxy section */

/* Begin PBXFileReference section */
		AC521EE11A1572E8007AD8A1 /* MenuInstructionsView.h */ = {isa = PBXFileReference; fileEncoding = 4; lastKnownFileType = sourcecode.c.h; path = MenuInstructionsView.h; sourceTree = "<group>"; };
		AC521EE21A1572E8007AD8A1 /* MenuInstructionsView.m */ = {isa = PBXFileReference; fileEncoding = 4; lastKnownFileType = sourcecode.c.objc; path = MenuInstructionsView.m; sourceTree = "<group>"; };
		ACA77BFE1A1ACB36002D7CF7 /* NumberWithTwoDecimals.h */ = {isa = PBXFileReference; fileEncoding = 4; lastKnownFileType = sourcecode.c.h; path = NumberWithTwoDecimals.h; sourceTree = "<group>"; };
		ACA77BFF1A1ACB36002D7CF7 /* NumberWithTwoDecimals.m */ = {isa = PBXFileReference; fileEncoding = 4; lastKnownFileType = sourcecode.c.objc; path = NumberWithTwoDecimals.m; sourceTree = "<group>"; };
		ACBEBFA519F619A300B173C7 /* DataStore.h */ = {isa = PBXFileReference; fileEncoding = 4; lastKnownFileType = sourcecode.c.h; path = DataStore.h; sourceTree = "<group>"; };
		ACBEBFA619F619A300B173C7 /* DataStore.m */ = {isa = PBXFileReference; fileEncoding = 4; lastKnownFileType = sourcecode.c.objc; path = DataStore.m; sourceTree = "<group>"; };
		ACBEBFB319F61FAD00B173C7 /* PreDayViewController.h */ = {isa = PBXFileReference; fileEncoding = 4; lastKnownFileType = sourcecode.c.h; path = PreDayViewController.h; sourceTree = "<group>"; };
		ACBEBFB419F61FAD00B173C7 /* PreDayViewController.m */ = {isa = PBXFileReference; fileEncoding = 4; lastKnownFileType = sourcecode.c.objc; path = PreDayViewController.m; sourceTree = "<group>"; };
		AF268E381A2C4BAD00ED6A53 /* PreDayBadgesView.h */ = {isa = PBXFileReference; fileEncoding = 4; lastKnownFileType = sourcecode.c.h; path = PreDayBadgesView.h; sourceTree = "<group>"; };
		AF268E391A2C4BAD00ED6A53 /* PreDayBadgesView.m */ = {isa = PBXFileReference; fileEncoding = 4; lastKnownFileType = sourcecode.c.objc; path = PreDayBadgesView.m; sourceTree = "<group>"; };
		AFCB509619F7457900DFADE9 /* MidDayView.h */ = {isa = PBXFileReference; fileEncoding = 4; lastKnownFileType = sourcecode.c.h; path = MidDayView.h; sourceTree = "<group>"; };
		AFCB509719F7457900DFADE9 /* MidDayView.m */ = {isa = PBXFileReference; fileEncoding = 4; lastKnownFileType = sourcecode.c.objc; path = MidDayView.m; sourceTree = "<group>"; };
		AFE2AC5E19F833D2005EC4D0 /* PostDayView.h */ = {isa = PBXFileReference; fileEncoding = 4; lastKnownFileType = sourcecode.c.h; path = PostDayView.h; sourceTree = "<group>"; };
		AFE2AC5F19F833D2005EC4D0 /* PostDayView.m */ = {isa = PBXFileReference; fileEncoding = 4; lastKnownFileType = sourcecode.c.objc; path = PostDayView.m; sourceTree = "<group>"; };
		DA064B111A19AA3F007438CF /* MenuMainView.h */ = {isa = PBXFileReference; fileEncoding = 4; lastKnownFileType = sourcecode.c.h; path = MenuMainView.h; sourceTree = "<group>"; };
		DA064B121A19AA3F007438CF /* MenuMainView.m */ = {isa = PBXFileReference; fileEncoding = 4; lastKnownFileType = sourcecode.c.objc; path = MenuMainView.m; sourceTree = "<group>"; };
		DA064B141A19B0A6007438CF /* PreDayInfoView.h */ = {isa = PBXFileReference; fileEncoding = 4; lastKnownFileType = sourcecode.c.h; path = PreDayInfoView.h; sourceTree = "<group>"; };
		DA064B151A19B0A6007438CF /* PreDayInfoView.m */ = {isa = PBXFileReference; fileEncoding = 4; lastKnownFileType = sourcecode.c.objc; path = PreDayInfoView.m; sourceTree = "<group>"; };
		DA0FB60319F641B00036D500 /* PreDayInventoryView.h */ = {isa = PBXFileReference; fileEncoding = 4; lastKnownFileType = sourcecode.c.h; path = PreDayInventoryView.h; sourceTree = "<group>"; };
		DA0FB60419F641B00036D500 /* PreDayInventoryView.m */ = {isa = PBXFileReference; fileEncoding = 4; lastKnownFileType = sourcecode.c.objc; path = PreDayInventoryView.m; sourceTree = "<group>"; };
		DA0FB60619F645EF0036D500 /* MidDayViewController.h */ = {isa = PBXFileReference; fileEncoding = 4; lastKnownFileType = sourcecode.c.h; path = MidDayViewController.h; sourceTree = "<group>"; };
		DA0FB60719F645EF0036D500 /* MidDayViewController.m */ = {isa = PBXFileReference; fileEncoding = 4; lastKnownFileType = sourcecode.c.objc; path = MidDayViewController.m; sourceTree = "<group>"; };
		DA0FB60919F646030036D500 /* PostDayViewController.h */ = {isa = PBXFileReference; fileEncoding = 4; lastKnownFileType = sourcecode.c.h; path = PostDayViewController.h; sourceTree = "<group>"; };
		DA0FB60A19F646030036D500 /* PostDayViewController.m */ = {isa = PBXFileReference; fileEncoding = 4; lastKnownFileType = sourcecode.c.objc; path = PostDayViewController.m; sourceTree = "<group>"; };
		DA2726A719F8F26300287791 /* Customer.m */ = {isa = PBXFileReference; fileEncoding = 4; lastKnownFileType = sourcecode.c.objc; path = Customer.m; sourceTree = "<group>"; };
		DA2726A819F8F26300287791 /* Customer.h */ = {isa = PBXFileReference; fileEncoding = 4; lastKnownFileType = sourcecode.c.h; path = Customer.h; sourceTree = "<group>"; };
		DA2726A919F8F26300287791 /* Model.m */ = {isa = PBXFileReference; fileEncoding = 4; lastKnownFileType = sourcecode.c.objc; path = Model.m; sourceTree = "<group>"; };
		DA2726AA19F8F26300287791 /* Model.h */ = {isa = PBXFileReference; fileEncoding = 4; lastKnownFileType = sourcecode.c.h; path = Model.h; sourceTree = "<group>"; };
		DA2B591F1A321C1200EEDC70 /* tada.wav */ = {isa = PBXFileReference; lastKnownFileType = audio.wav; path = tada.wav; sourceTree = "<group>"; };
		DA2B59201A321C1200EEDC70 /* click.wav */ = {isa = PBXFileReference; lastKnownFileType = audio.wav; path = click.wav; sourceTree = "<group>"; };
		DA6C2BB419F19B8D00AE1EB7 /* When Life Gives You Lemons.app */ = {isa = PBXFileReference; explicitFileType = wrapper.application; includeInIndex = 0; path = "When Life Gives You Lemons.app"; sourceTree = BUILT_PRODUCTS_DIR; };
		DA6C2BB719F19B8D00AE1EB7 /* Foundation.framework */ = {isa = PBXFileReference; lastKnownFileType = wrapper.framework; name = Foundation.framework; path = System/Library/Frameworks/Foundation.framework; sourceTree = SDKROOT; };
		DA6C2BB919F19B8D00AE1EB7 /* CoreGraphics.framework */ = {isa = PBXFileReference; lastKnownFileType = wrapper.framework; name = CoreGraphics.framework; path = System/Library/Frameworks/CoreGraphics.framework; sourceTree = SDKROOT; };
		DA6C2BBB19F19B8D00AE1EB7 /* UIKit.framework */ = {isa = PBXFileReference; lastKnownFileType = wrapper.framework; name = UIKit.framework; path = System/Library/Frameworks/UIKit.framework; sourceTree = SDKROOT; };
		DA6C2BBF19F19B8D00AE1EB7 /* When Life Gives You Lemons-Info.plist */ = {isa = PBXFileReference; lastKnownFileType = text.plist.xml; path = "When Life Gives You Lemons-Info.plist"; sourceTree = "<group>"; };
		DA6C2BC119F19B8D00AE1EB7 /* en */ = {isa = PBXFileReference; lastKnownFileType = text.plist.strings; name = en; path = en.lproj/InfoPlist.strings; sourceTree = "<group>"; };
		DA6C2BC319F19B8D00AE1EB7 /* main.m */ = {isa = PBXFileReference; lastKnownFileType = sourcecode.c.objc; path = main.m; sourceTree = "<group>"; };
		DA6C2BC519F19B8D00AE1EB7 /* When Life Gives You Lemons-Prefix.pch */ = {isa = PBXFileReference; lastKnownFileType = sourcecode.c.h; path = "When Life Gives You Lemons-Prefix.pch"; sourceTree = "<group>"; };
		DA6C2BC619F19B8D00AE1EB7 /* AppDelegate.h */ = {isa = PBXFileReference; lastKnownFileType = sourcecode.c.h; path = AppDelegate.h; sourceTree = "<group>"; };
		DA6C2BC719F19B8D00AE1EB7 /* AppDelegate.m */ = {isa = PBXFileReference; lastKnownFileType = sourcecode.c.objc; path = AppDelegate.m; sourceTree = "<group>"; };
		DA6C2BCA19F19B8D00AE1EB7 /* Base */ = {isa = PBXFileReference; lastKnownFileType = file.storyboard; name = Base; path = Base.lproj/Main.storyboard; sourceTree = "<group>"; };
		DA6C2BCC19F19B8D00AE1EB7 /* MenuViewController.h */ = {isa = PBXFileReference; lastKnownFileType = sourcecode.c.h; path = MenuViewController.h; sourceTree = "<group>"; };
		DA6C2BCD19F19B8D00AE1EB7 /* MenuViewController.m */ = {isa = PBXFileReference; lastKnownFileType = sourcecode.c.objc; path = MenuViewController.m; sourceTree = "<group>"; };
		DA6C2BCF19F19B8D00AE1EB7 /* Images.xcassets */ = {isa = PBXFileReference; lastKnownFileType = folder.assetcatalog; path = Images.xcassets; sourceTree = "<group>"; };
		DA6C2BD519F19B8D00AE1EB7 /* When Life Gives You LemonsTests.xctest */ = {isa = PBXFileReference; explicitFileType = wrapper.cfbundle; includeInIndex = 0; path = "When Life Gives You LemonsTests.xctest"; sourceTree = BUILT_PRODUCTS_DIR; };
		DA6C2BD619F19B8D00AE1EB7 /* XCTest.framework */ = {isa = PBXFileReference; lastKnownFileType = wrapper.framework; name = XCTest.framework; path = Library/Frameworks/XCTest.framework; sourceTree = DEVELOPER_DIR; };
		DA6C2BDE19F19B8D00AE1EB7 /* When Life Gives You LemonsTests-Info.plist */ = {isa = PBXFileReference; lastKnownFileType = text.plist.xml; path = "When Life Gives You LemonsTests-Info.plist"; sourceTree = "<group>"; };
		DA6C2BE019F19B8D00AE1EB7 /* en */ = {isa = PBXFileReference; lastKnownFileType = text.plist.strings; name = en; path = en.lproj/InfoPlist.strings; sourceTree = "<group>"; };
		DA6C2BE219F19B8D00AE1EB7 /* When_Life_Gives_You_LemonsTests.m */ = {isa = PBXFileReference; lastKnownFileType = sourcecode.c.objc; path = When_Life_Gives_You_LemonsTests.m; sourceTree = "<group>"; };
		DA940C8B1A3083E50049A5A8 /* Badges.m */ = {isa = PBXFileReference; fileEncoding = 4; lastKnownFileType = sourcecode.c.objc; name = Badges.m; path = ../Badges.m; sourceTree = "<group>"; };
		DA940C8D1A3088960049A5A8 /* Badges.h */ = {isa = PBXFileReference; lastKnownFileType = sourcecode.c.h; path = Badges.h; sourceTree = "<group>"; };
		DAB2821219F7946000441EAA /* PreDayRecipeView.h */ = {isa = PBXFileReference; fileEncoding = 4; lastKnownFileType = sourcecode.c.h; path = PreDayRecipeView.h; sourceTree = "<group>"; };
		DAB2821319F7946000441EAA /* PreDayRecipeView.m */ = {isa = PBXFileReference; fileEncoding = 4; lastKnownFileType = sourcecode.c.objc; path = PreDayRecipeView.m; sourceTree = "<group>"; };
		FE1471F41A1ACA0900BC7DFF /* LemonEmitter.sks */ = {isa = PBXFileReference; lastKnownFileType = file.sks; path = LemonEmitter.sks; sourceTree = "<group>"; };
		FE1471F61A1AD37E00BC7DFF /* LemonRainScene.h */ = {isa = PBXFileReference; fileEncoding = 4; lastKnownFileType = sourcecode.c.h; path = LemonRainScene.h; sourceTree = "<group>"; };
		FE1471F71A1AD37E00BC7DFF /* LemonRainScene.m */ = {isa = PBXFileReference; fileEncoding = 4; lastKnownFileType = sourcecode.c.objc; path = LemonRainScene.m; sourceTree = "<group>"; };
		FEBAF0391A0B122500951C36 /* SunnyScene.h */ = {isa = PBXFileReference; fileEncoding = 4; lastKnownFileType = sourcecode.c.h; path = SunnyScene.h; sourceTree = "<group>"; };
		FEBAF03A1A0B122500951C36 /* SunnyScene.m */ = {isa = PBXFileReference; fileEncoding = 4; lastKnownFileType = sourcecode.c.objc; path = SunnyScene.m; sourceTree = "<group>"; };
		FEBAF03C1A0B2E1700951C36 /* CloudyScene.h */ = {isa = PBXFileReference; fileEncoding = 4; lastKnownFileType = sourcecode.c.h; path = CloudyScene.h; sourceTree = "<group>"; };
		FEBAF03D1A0B2E1800951C36 /* CloudyScene.m */ = {isa = PBXFileReference; fileEncoding = 4; lastKnownFileType = sourcecode.c.objc; path = CloudyScene.m; sourceTree = "<group>"; };
		FEBAF03F1A0B2FB300951C36 /* RainEmitter.sks */ = {isa = PBXFileReference; lastKnownFileType = file.sks; path = RainEmitter.sks; sourceTree = "<group>"; };
		FEBAF0401A0B2FB300951C36 /* spark.png */ = {isa = PBXFileReference; lastKnownFileType = image.png; path = spark.png; sourceTree = "<group>"; };
		FEBAF0431A0B3F9500951C36 /* RainyScene.h */ = {isa = PBXFileReference; fileEncoding = 4; lastKnownFileType = sourcecode.c.h; path = RainyScene.h; sourceTree = "<group>"; };
		FEBAF0441A0B3F9500951C36 /* RainyScene.m */ = {isa = PBXFileReference; fileEncoding = 4; lastKnownFileType = sourcecode.c.objc; path = RainyScene.m; sourceTree = "<group>"; };
/* End PBXFileReference section */

/* Begin PBXFrameworksBuildPhase section */
		DA6C2BB119F19B8D00AE1EB7 /* Frameworks */ = {
			isa = PBXFrameworksBuildPhase;
			buildActionMask = 2147483647;
			files = (
				DA6C2BBA19F19B8D00AE1EB7 /* CoreGraphics.framework in Frameworks */,
				DA6C2BBC19F19B8D00AE1EB7 /* UIKit.framework in Frameworks */,
				DA6C2BB819F19B8D00AE1EB7 /* Foundation.framework in Frameworks */,
			);
			runOnlyForDeploymentPostprocessing = 0;
		};
		DA6C2BD219F19B8D00AE1EB7 /* Frameworks */ = {
			isa = PBXFrameworksBuildPhase;
			buildActionMask = 2147483647;
			files = (
				DA6C2BD719F19B8D00AE1EB7 /* XCTest.framework in Frameworks */,
				DA6C2BD919F19B8D00AE1EB7 /* UIKit.framework in Frameworks */,
				DA6C2BD819F19B8D00AE1EB7 /* Foundation.framework in Frameworks */,
			);
			runOnlyForDeploymentPostprocessing = 0;
		};
/* End PBXFrameworksBuildPhase section */

/* Begin PBXGroup section */
		AFC87A731A294D0500CFB61D /* PreDay */ = {
			isa = PBXGroup;
			children = (
				ACBEBFB319F61FAD00B173C7 /* PreDayViewController.h */,
				ACBEBFB419F61FAD00B173C7 /* PreDayViewController.m */,
				DA064B141A19B0A6007438CF /* PreDayInfoView.h */,
				DA064B151A19B0A6007438CF /* PreDayInfoView.m */,
				DAB2821219F7946000441EAA /* PreDayRecipeView.h */,
				DAB2821319F7946000441EAA /* PreDayRecipeView.m */,
				DA0FB60319F641B00036D500 /* PreDayInventoryView.h */,
				DA0FB60419F641B00036D500 /* PreDayInventoryView.m */,
				AF268E381A2C4BAD00ED6A53 /* PreDayBadgesView.h */,
				AF268E391A2C4BAD00ED6A53 /* PreDayBadgesView.m */,
				DA2B59201A321C1200EEDC70 /* click.wav */,
			);
			name = PreDay;
			sourceTree = "<group>";
		};
		AFC87A741A294D2500CFB61D /* MidDay */ = {
			isa = PBXGroup;
			children = (
				DA0FB60619F645EF0036D500 /* MidDayViewController.h */,
				DA0FB60719F645EF0036D500 /* MidDayViewController.m */,
				AFCB509619F7457900DFADE9 /* MidDayView.h */,
				AFCB509719F7457900DFADE9 /* MidDayView.m */,
				FEBAF0391A0B122500951C36 /* SunnyScene.h */,
				FEBAF03A1A0B122500951C36 /* SunnyScene.m */,
				FEBAF03C1A0B2E1700951C36 /* CloudyScene.h */,
				FEBAF03D1A0B2E1800951C36 /* CloudyScene.m */,
				FEBAF0431A0B3F9500951C36 /* RainyScene.h */,
				FEBAF0441A0B3F9500951C36 /* RainyScene.m */,
				FEBAF03F1A0B2FB300951C36 /* RainEmitter.sks */,
				FEBAF0401A0B2FB300951C36 /* spark.png */,
			);
			name = MidDay;
			sourceTree = "<group>";
		};
		AFC87A751A294D4400CFB61D /* PostDay */ = {
			isa = PBXGroup;
			children = (
				DA0FB60919F646030036D500 /* PostDayViewController.h */,
				DA0FB60A19F646030036D500 /* PostDayViewController.m */,
				AFE2AC5E19F833D2005EC4D0 /* PostDayView.h */,
				AFE2AC5F19F833D2005EC4D0 /* PostDayView.m */,
				DA2B591F1A321C1200EEDC70 /* tada.wav */,
			);
			name = PostDay;
			sourceTree = "<group>";
		};
		AFC87A761A294D5800CFB61D /* Menu */ = {
			isa = PBXGroup;
			children = (
				DA6C2BCC19F19B8D00AE1EB7 /* MenuViewController.h */,
				DA6C2BCD19F19B8D00AE1EB7 /* MenuViewController.m */,
				AC521EE11A1572E8007AD8A1 /* MenuInstructionsView.h */,
				AC521EE21A1572E8007AD8A1 /* MenuInstructionsView.m */,
				DA064B111A19AA3F007438CF /* MenuMainView.h */,
				DA064B121A19AA3F007438CF /* MenuMainView.m */,
				FE1471F61A1AD37E00BC7DFF /* LemonRainScene.h */,
				FE1471F71A1AD37E00BC7DFF /* LemonRainScene.m */,
				FE1471F41A1ACA0900BC7DFF /* LemonEmitter.sks */,
			);
			name = Menu;
			sourceTree = "<group>";
		};
		AFC87A771A294DA600CFB61D /* Model */ = {
			isa = PBXGroup;
			children = (
				DA2726A819F8F26300287791 /* Customer.h */,
				DA2726A719F8F26300287791 /* Customer.m */,
				DA2726AA19F8F26300287791 /* Model.h */,
				DA2726A919F8F26300287791 /* Model.m */,
			);
			name = Model;
			sourceTree = "<group>";
		};
		DA6C2BAB19F19B8C00AE1EB7 = {
			isa = PBXGroup;
			children = (
				DA6C2BBD19F19B8D00AE1EB7 /* When Life Gives You Lemons */,
				DA6C2BDC19F19B8D00AE1EB7 /* When Life Gives You LemonsTests */,
				DA6C2BB619F19B8D00AE1EB7 /* Frameworks */,
				DA6C2BB519F19B8D00AE1EB7 /* Products */,
			);
			sourceTree = "<group>";
		};
		DA6C2BB519F19B8D00AE1EB7 /* Products */ = {
			isa = PBXGroup;
			children = (
				DA6C2BB419F19B8D00AE1EB7 /* When Life Gives You Lemons.app */,
				DA6C2BD519F19B8D00AE1EB7 /* When Life Gives You LemonsTests.xctest */,
			);
			name = Products;
			sourceTree = "<group>";
		};
		DA6C2BB619F19B8D00AE1EB7 /* Frameworks */ = {
			isa = PBXGroup;
			children = (
				DA6C2BB719F19B8D00AE1EB7 /* Foundation.framework */,
				DA6C2BB919F19B8D00AE1EB7 /* CoreGraphics.framework */,
				DA6C2BBB19F19B8D00AE1EB7 /* UIKit.framework */,
				DA6C2BD619F19B8D00AE1EB7 /* XCTest.framework */,
			);
			name = Frameworks;
			sourceTree = "<group>";
		};
		DA6C2BBD19F19B8D00AE1EB7 /* When Life Gives You Lemons */ = {
			isa = PBXGroup;
			children = (
				DA6C2BC619F19B8D00AE1EB7 /* AppDelegate.h */,
				DA6C2BC719F19B8D00AE1EB7 /* AppDelegate.m */,
				DA6C2BC919F19B8D00AE1EB7 /* Main.storyboard */,
				AFC87A761A294D5800CFB61D /* Menu */,
				AFC87A731A294D0500CFB61D /* PreDay */,
				AFC87A741A294D2500CFB61D /* MidDay */,
				AFC87A751A294D4400CFB61D /* PostDay */,
				AFC87A771A294DA600CFB61D /* Model */,
				DA940C8D1A3088960049A5A8 /* Badges.h */,
				DA940C8B1A3083E50049A5A8 /* Badges.m */,
				ACBEBFA519F619A300B173C7 /* DataStore.h */,
				ACBEBFA619F619A300B173C7 /* DataStore.m */,
				ACA77BFE1A1ACB36002D7CF7 /* NumberWithTwoDecimals.h */,
				ACA77BFF1A1ACB36002D7CF7 /* NumberWithTwoDecimals.m */,
				DA6C2BCF19F19B8D00AE1EB7 /* Images.xcassets */,
				DA6C2BBE19F19B8D00AE1EB7 /* Supporting Files */,
			);
			path = "When Life Gives You Lemons";
			sourceTree = "<group>";
		};
		DA6C2BBE19F19B8D00AE1EB7 /* Supporting Files */ = {
			isa = PBXGroup;
			children = (
				DA6C2BBF19F19B8D00AE1EB7 /* When Life Gives You Lemons-Info.plist */,
				DA6C2BC019F19B8D00AE1EB7 /* InfoPlist.strings */,
				DA6C2BC319F19B8D00AE1EB7 /* main.m */,
				DA6C2BC519F19B8D00AE1EB7 /* When Life Gives You Lemons-Prefix.pch */,
			);
			name = "Supporting Files";
			sourceTree = "<group>";
		};
		DA6C2BDC19F19B8D00AE1EB7 /* When Life Gives You LemonsTests */ = {
			isa = PBXGroup;
			children = (
				DA6C2BE219F19B8D00AE1EB7 /* When_Life_Gives_You_LemonsTests.m */,
				DA6C2BDD19F19B8D00AE1EB7 /* Supporting Files */,
			);
			path = "When Life Gives You LemonsTests";
			sourceTree = "<group>";
		};
		DA6C2BDD19F19B8D00AE1EB7 /* Supporting Files */ = {
			isa = PBXGroup;
			children = (
				DA6C2BDE19F19B8D00AE1EB7 /* When Life Gives You LemonsTests-Info.plist */,
				DA6C2BDF19F19B8D00AE1EB7 /* InfoPlist.strings */,
			);
			name = "Supporting Files";
			sourceTree = "<group>";
		};
/* End PBXGroup section */

/* Begin PBXNativeTarget section */
		DA6C2BB319F19B8D00AE1EB7 /* When Life Gives You Lemons */ = {
			isa = PBXNativeTarget;
			buildConfigurationList = DA6C2BE619F19B8D00AE1EB7 /* Build configuration list for PBXNativeTarget "When Life Gives You Lemons" */;
			buildPhases = (
				DA6C2BB019F19B8D00AE1EB7 /* Sources */,
				DA6C2BB119F19B8D00AE1EB7 /* Frameworks */,
				DA6C2BB219F19B8D00AE1EB7 /* Resources */,
			);
			buildRules = (
			);
			dependencies = (
			);
			name = "When Life Gives You Lemons";
			productName = "When Life Gives You Lemons";
			productReference = DA6C2BB419F19B8D00AE1EB7 /* When Life Gives You Lemons.app */;
			productType = "com.apple.product-type.application";
		};
		DA6C2BD419F19B8D00AE1EB7 /* When Life Gives You LemonsTests */ = {
			isa = PBXNativeTarget;
			buildConfigurationList = DA6C2BE919F19B8D00AE1EB7 /* Build configuration list for PBXNativeTarget "When Life Gives You LemonsTests" */;
			buildPhases = (
				DA6C2BD119F19B8D00AE1EB7 /* Sources */,
				DA6C2BD219F19B8D00AE1EB7 /* Frameworks */,
				DA6C2BD319F19B8D00AE1EB7 /* Resources */,
			);
			buildRules = (
			);
			dependencies = (
				DA6C2BDB19F19B8D00AE1EB7 /* PBXTargetDependency */,
			);
			name = "When Life Gives You LemonsTests";
			productName = "When Life Gives You LemonsTests";
			productReference = DA6C2BD519F19B8D00AE1EB7 /* When Life Gives You LemonsTests.xctest */;
			productType = "com.apple.product-type.bundle.unit-test";
		};
/* End PBXNativeTarget section */

/* Begin PBXProject section */
		DA6C2BAC19F19B8C00AE1EB7 /* Project object */ = {
			isa = PBXProject;
			attributes = {
				LastUpgradeCheck = 0510;
				ORGANIZATIONNAME = "Jonathan Finnell, Amit Maor, Joshua Petrack, Megan Shao, Rachel Wilson";
				TargetAttributes = {
					DA6C2BB319F19B8D00AE1EB7 = {
						DevelopmentTeam = AB8W7DKVQM;
					};
					DA6C2BD419F19B8D00AE1EB7 = {
						TestTargetID = DA6C2BB319F19B8D00AE1EB7;
					};
				};
			};
			buildConfigurationList = DA6C2BAF19F19B8C00AE1EB7 /* Build configuration list for PBXProject "When Life Gives You Lemons" */;
			compatibilityVersion = "Xcode 3.2";
			developmentRegion = English;
			hasScannedForEncodings = 0;
			knownRegions = (
				en,
				Base,
			);
			mainGroup = DA6C2BAB19F19B8C00AE1EB7;
			productRefGroup = DA6C2BB519F19B8D00AE1EB7 /* Products */;
			projectDirPath = "";
			projectRoot = "";
			targets = (
				DA6C2BB319F19B8D00AE1EB7 /* When Life Gives You Lemons */,
				DA6C2BD419F19B8D00AE1EB7 /* When Life Gives You LemonsTests */,
			);
		};
/* End PBXProject section */

/* Begin PBXResourcesBuildPhase section */
		DA6C2BB219F19B8D00AE1EB7 /* Resources */ = {
			isa = PBXResourcesBuildPhase;
			buildActionMask = 2147483647;
			files = (
				DA2B59231A321CDD00EEDC70 /* Main.storyboard in Resources */,
				FEBAF0421A0B2FB300951C36 /* spark.png in Resources */,
				DA6C2BD019F19B8D00AE1EB7 /* Images.xcassets in Resources */,
				DA6C2BC219F19B8D00AE1EB7 /* InfoPlist.strings in Resources */,
				FEBAF0411A0B2FB300951C36 /* RainEmitter.sks in Resources */,
				DA940C8F1A311DB90049A5A8 /* (null) in Resources */,
				FE1471F51A1ACA0900BC7DFF /* LemonEmitter.sks in Resources */,
				DA2B59211A321C1200EEDC70 /* tada.wav in Resources */,
				DA2B59221A321C1200EEDC70 /* click.wav in Resources */,
				DA940C911A311E8D0049A5A8 /* (null) in Resources */,
			);
			runOnlyForDeploymentPostprocessing = 0;
		};
		DA6C2BD319F19B8D00AE1EB7 /* Resources */ = {
			isa = PBXResourcesBuildPhase;
			buildActionMask = 2147483647;
			files = (
				DA6C2BE119F19B8D00AE1EB7 /* InfoPlist.strings in Resources */,
			);
			runOnlyForDeploymentPostprocessing = 0;
		};
/* End PBXResourcesBuildPhase section */

/* Begin PBXSourcesBuildPhase section */
		DA6C2BB019F19B8D00AE1EB7 /* Sources */ = {
			isa = PBXSourcesBuildPhase;
			buildActionMask = 2147483647;
			files = (
				DA0FB60519F641B00036D500 /* PreDayInventoryView.m in Sources */,
				DA6C2BCE19F19B8D00AE1EB7 /* MenuViewController.m in Sources */,
				ACBEBFA719F619A300B173C7 /* DataStore.m in Sources */,
				ACBEBFB519F61FAD00B173C7 /* PreDayViewController.m in Sources */,
				DA6C2BC819F19B8D00AE1EB7 /* AppDelegate.m in Sources */,
				DA0FB60B19F646030036D500 /* PostDayViewController.m in Sources */,
				AFE2AC6019F833D2005EC4D0 /* PostDayView.m in Sources */,
				DA2726AB19F8F26300287791 /* Customer.m in Sources */,
				FEBAF0451A0B3F9600951C36 /* RainyScene.m in Sources */,
				FEBAF03E1A0B2E1800951C36 /* CloudyScene.m in Sources */,
				FE1471F81A1AD37E00BC7DFF /* LemonRainScene.m in Sources */,
				DA064B131A19AA3F007438CF /* MenuMainView.m in Sources */,
				ACA77C001A1ACB36002D7CF7 /* NumberWithTwoDecimals.m in Sources */,
				DA940C8C1A3083E50049A5A8 /* Badges.m in Sources */,
				DA0FB60819F645EF0036D500 /* MidDayViewController.m in Sources */,
				AFCB509819F7457900DFADE9 /* MidDayView.m in Sources */,
				DA064B161A19B0A6007438CF /* PreDayInfoView.m in Sources */,
				AF268E3A1A2C4BAD00ED6A53 /* PreDayBadgesView.m in Sources */,
				AC521EE31A1572E8007AD8A1 /* MenuInstructionsView.m in Sources */,
				FEBAF03B1A0B122500951C36 /* SunnyScene.m in Sources */,
				DA6C2BC419F19B8D00AE1EB7 /* main.m in Sources */,
				DA2726AC19F8F26300287791 /* Model.m in Sources */,
				DAB2821419F7946000441EAA /* PreDayRecipeView.m in Sources */,
			);
			runOnlyForDeploymentPostprocessing = 0;
		};
		DA6C2BD119F19B8D00AE1EB7 /* Sources */ = {
			isa = PBXSourcesBuildPhase;
			buildActionMask = 2147483647;
			files = (
				DA6C2BE319F19B8D00AE1EB7 /* When_Life_Gives_You_LemonsTests.m in Sources */,
			);
			runOnlyForDeploymentPostprocessing = 0;
		};
/* End PBXSourcesBuildPhase section */

/* Begin PBXTargetDependency section */
		DA6C2BDB19F19B8D00AE1EB7 /* PBXTargetDependency */ = {
			isa = PBXTargetDependency;
			target = DA6C2BB319F19B8D00AE1EB7 /* When Life Gives You Lemons */;
			targetProxy = DA6C2BDA19F19B8D00AE1EB7 /* PBXContainerItemProxy */;
		};
/* End PBXTargetDependency section */

/* Begin PBXVariantGroup section */
		DA6C2BC019F19B8D00AE1EB7 /* InfoPlist.strings */ = {
			isa = PBXVariantGroup;
			children = (
				DA6C2BC119F19B8D00AE1EB7 /* en */,
			);
			name = InfoPlist.strings;
			sourceTree = "<group>";
		};
		DA6C2BC919F19B8D00AE1EB7 /* Main.storyboard */ = {
			isa = PBXVariantGroup;
			children = (
				DA6C2BCA19F19B8D00AE1EB7 /* Base */,
			);
			name = Main.storyboard;
			sourceTree = "<group>";
		};
		DA6C2BDF19F19B8D00AE1EB7 /* InfoPlist.strings */ = {
			isa = PBXVariantGroup;
			children = (
				DA6C2BE019F19B8D00AE1EB7 /* en */,
			);
			name = InfoPlist.strings;
			sourceTree = "<group>";
		};
/* End PBXVariantGroup section */

/* Begin XCBuildConfiguration section */
		DA6C2BE419F19B8D00AE1EB7 /* Debug */ = {
			isa = XCBuildConfiguration;
			buildSettings = {
				ALWAYS_SEARCH_USER_PATHS = NO;
				CLANG_CXX_LANGUAGE_STANDARD = "gnu++0x";
				CLANG_CXX_LIBRARY = "libc++";
				CLANG_ENABLE_MODULES = YES;
				CLANG_ENABLE_OBJC_ARC = YES;
				CLANG_WARN_BOOL_CONVERSION = YES;
				CLANG_WARN_CONSTANT_CONVERSION = YES;
				CLANG_WARN_DIRECT_OBJC_ISA_USAGE = YES_ERROR;
				CLANG_WARN_EMPTY_BODY = YES;
				CLANG_WARN_ENUM_CONVERSION = YES;
				CLANG_WARN_INT_CONVERSION = YES;
				CLANG_WARN_OBJC_ROOT_CLASS = YES_ERROR;
				CLANG_WARN__DUPLICATE_METHOD_MATCH = YES;
				"CODE_SIGN_IDENTITY[sdk=iphoneos*]" = "iPhone Developer";
				COPY_PHASE_STRIP = NO;
				GCC_C_LANGUAGE_STANDARD = gnu99;
				GCC_DYNAMIC_NO_PIC = NO;
				GCC_OPTIMIZATION_LEVEL = 0;
				GCC_PREPROCESSOR_DEFINITIONS = (
					"DEBUG=1",
					"$(inherited)",
				);
				GCC_SYMBOLS_PRIVATE_EXTERN = NO;
				GCC_WARN_64_TO_32_BIT_CONVERSION = YES;
				GCC_WARN_ABOUT_RETURN_TYPE = YES_ERROR;
				GCC_WARN_UNDECLARED_SELECTOR = YES;
				GCC_WARN_UNINITIALIZED_AUTOS = YES_AGGRESSIVE;
				GCC_WARN_UNUSED_FUNCTION = YES;
				GCC_WARN_UNUSED_VARIABLE = YES;
				IPHONEOS_DEPLOYMENT_TARGET = 7.1;
				ONLY_ACTIVE_ARCH = YES;
				SDKROOT = iphoneos;
				TARGETED_DEVICE_FAMILY = 2;
			};
			name = Debug;
		};
		DA6C2BE519F19B8D00AE1EB7 /* Release */ = {
			isa = XCBuildConfiguration;
			buildSettings = {
				ALWAYS_SEARCH_USER_PATHS = NO;
				CLANG_CXX_LANGUAGE_STANDARD = "gnu++0x";
				CLANG_CXX_LIBRARY = "libc++";
				CLANG_ENABLE_MODULES = YES;
				CLANG_ENABLE_OBJC_ARC = YES;
				CLANG_WARN_BOOL_CONVERSION = YES;
				CLANG_WARN_CONSTANT_CONVERSION = YES;
				CLANG_WARN_DIRECT_OBJC_ISA_USAGE = YES_ERROR;
				CLANG_WARN_EMPTY_BODY = YES;
				CLANG_WARN_ENUM_CONVERSION = YES;
				CLANG_WARN_INT_CONVERSION = YES;
				CLANG_WARN_OBJC_ROOT_CLASS = YES_ERROR;
				CLANG_WARN__DUPLICATE_METHOD_MATCH = YES;
				"CODE_SIGN_IDENTITY[sdk=iphoneos*]" = "iPhone Developer";
				COPY_PHASE_STRIP = YES;
				ENABLE_NS_ASSERTIONS = NO;
				GCC_C_LANGUAGE_STANDARD = gnu99;
				GCC_WARN_64_TO_32_BIT_CONVERSION = YES;
				GCC_WARN_ABOUT_RETURN_TYPE = YES_ERROR;
				GCC_WARN_UNDECLARED_SELECTOR = YES;
				GCC_WARN_UNINITIALIZED_AUTOS = YES_AGGRESSIVE;
				GCC_WARN_UNUSED_FUNCTION = YES;
				GCC_WARN_UNUSED_VARIABLE = YES;
				IPHONEOS_DEPLOYMENT_TARGET = 7.1;
				SDKROOT = iphoneos;
				TARGETED_DEVICE_FAMILY = 2;
				VALIDATE_PRODUCT = YES;
			};
			name = Release;
		};
		DA6C2BE719F19B8D00AE1EB7 /* Debug */ = {
			isa = XCBuildConfiguration;
			buildSettings = {
				ASSETCATALOG_COMPILER_APPICON_NAME = AppIcon;
				ASSETCATALOG_COMPILER_LAUNCHIMAGE_NAME = LaunchImage;
				CODE_SIGN_IDENTITY = "iPhone Developer";
				GCC_PRECOMPILE_PREFIX_HEADER = YES;
				GCC_PREFIX_HEADER = "When Life Gives You Lemons/When Life Gives You Lemons-Prefix.pch";
				INFOPLIST_FILE = "When Life Gives You Lemons/When Life Gives You Lemons-Info.plist";
				PRODUCT_NAME = "$(TARGET_NAME)";
				WRAPPER_EXTENSION = app;
			};
			name = Debug;
		};
		DA6C2BE819F19B8D00AE1EB7 /* Release */ = {
			isa = XCBuildConfiguration;
			buildSettings = {
				ASSETCATALOG_COMPILER_APPICON_NAME = AppIcon;
				ASSETCATALOG_COMPILER_LAUNCHIMAGE_NAME = LaunchImage;
				CODE_SIGN_IDENTITY = "iPhone Developer";
				GCC_PRECOMPILE_PREFIX_HEADER = YES;
				GCC_PREFIX_HEADER = "When Life Gives You Lemons/When Life Gives You Lemons-Prefix.pch";
				INFOPLIST_FILE = "When Life Gives You Lemons/When Life Gives You Lemons-Info.plist";
				PRODUCT_NAME = "$(TARGET_NAME)";
				WRAPPER_EXTENSION = app;
			};
			name = Release;
		};
		DA6C2BEA19F19B8D00AE1EB7 /* Debug */ = {
			isa = XCBuildConfiguration;
			buildSettings = {
				BUNDLE_LOADER = "$(BUILT_PRODUCTS_DIR)/When Life Gives You Lemons.app/When Life Gives You Lemons";
				FRAMEWORK_SEARCH_PATHS = (
					"$(SDKROOT)/Developer/Library/Frameworks",
					"$(inherited)",
					"$(DEVELOPER_FRAMEWORKS_DIR)",
				);
				GCC_PRECOMPILE_PREFIX_HEADER = YES;
				GCC_PREFIX_HEADER = "When Life Gives You Lemons/When Life Gives You Lemons-Prefix.pch";
				GCC_PREPROCESSOR_DEFINITIONS = (
					"DEBUG=1",
					"$(inherited)",
				);
				INFOPLIST_FILE = "When Life Gives You LemonsTests/When Life Gives You LemonsTests-Info.plist";
				PRODUCT_NAME = "$(TARGET_NAME)";
				TEST_HOST = "$(BUNDLE_LOADER)";
				WRAPPER_EXTENSION = xctest;
			};
			name = Debug;
		};
		DA6C2BEB19F19B8D00AE1EB7 /* Release */ = {
			isa = XCBuildConfiguration;
			buildSettings = {
				BUNDLE_LOADER = "$(BUILT_PRODUCTS_DIR)/When Life Gives You Lemons.app/When Life Gives You Lemons";
				FRAMEWORK_SEARCH_PATHS = (
					"$(SDKROOT)/Developer/Library/Frameworks",
					"$(inherited)",
					"$(DEVELOPER_FRAMEWORKS_DIR)",
				);
				GCC_PRECOMPILE_PREFIX_HEADER = YES;
				GCC_PREFIX_HEADER = "When Life Gives You Lemons/When Life Gives You Lemons-Prefix.pch";
				INFOPLIST_FILE = "When Life Gives You LemonsTests/When Life Gives You LemonsTests-Info.plist";
				PRODUCT_NAME = "$(TARGET_NAME)";
				TEST_HOST = "$(BUNDLE_LOADER)";
				WRAPPER_EXTENSION = xctest;
			};
			name = Release;
		};
/* End XCBuildConfiguration section */

/* Begin XCConfigurationList section */
		DA6C2BAF19F19B8C00AE1EB7 /* Build configuration list for PBXProject "When Life Gives You Lemons" */ = {
			isa = XCConfigurationList;
			buildConfigurations = (
				DA6C2BE419F19B8D00AE1EB7 /* Debug */,
				DA6C2BE519F19B8D00AE1EB7 /* Release */,
			);
			defaultConfigurationIsVisible = 0;
			defaultConfigurationName = Release;
		};
		DA6C2BE619F19B8D00AE1EB7 /* Build configuration list for PBXNativeTarget "When Life Gives You Lemons" */ = {
			isa = XCConfigurationList;
			buildConfigurations = (
				DA6C2BE719F19B8D00AE1EB7 /* Debug */,
				DA6C2BE819F19B8D00AE1EB7 /* Release */,
			);
			defaultConfigurationIsVisible = 0;
			defaultConfigurationName = Release;
		};
		DA6C2BE919F19B8D00AE1EB7 /* Build configuration list for PBXNativeTarget "When Life Gives You LemonsTests" */ = {
			isa = XCConfigurationList;
			buildConfigurations = (
				DA6C2BEA19F19B8D00AE1EB7 /* Debug */,
				DA6C2BEB19F19B8D00AE1EB7 /* Release */,
			);
			defaultConfigurationIsVisible = 0;
			defaultConfigurationName = Release;
		};
/* End XCConfigurationList section */
	};
	rootObject = DA6C2BAC19F19B8C00AE1EB7 /* Project object */;
}
